
Microsoft Visual Studio Solution File, Format Version 12.00
# Visual Studio Version 17
VisualStudioVersion = 17.4.33213.308
MinimumVisualStudioVersion = 10.0.40219.1
Project("{FAE04EC0-301F-11D3-BF4B-00C04F79EFBC}") = "ModelBindingStyling-Lab", "ModelBindingStyling-Lab\ModelBindingStyling-Lab.csproj", "{D876ACCC-B342-4F3E-B332-A38413188D65}"
EndProject
Global
	GlobalSection(SolutionConfigurationPlatforms) = preSolution
		Debug|Any CPU = Debug|Any CPU
		Release|Any CPU = Release|Any CPU
	EndGlobalSection
	GlobalSection(ProjectConfigurationPlatforms) = postSolution
		{D876ACCC-B342-4F3E-B332-A38413188D65}.Debug|Any CPU.ActiveCfg = Debug|Any CPU
		{D876ACCC-B342-4F3E-B332-A38413188D65}.Debug|Any CPU.Build.0 = Debug|Any CPU
		{D876ACCC-B342-4F3E-B332-A38413188D65}.Release|Any CPU.ActiveCfg = Release|Any CPU
		{D876ACCC-B342-4F3E-B332-A38413188D65}.Release|Any CPU.Build.0 = Release|Any CPU
	EndGlobalSection
	GlobalSection(SolutionProperties) = preSolution
		HideSolutionNode = FALSE
	EndGlobalSection
	GlobalSection(ExtensibilityGlobals) = postSolution
		SolutionGuid = {E6EE66CE-4876-418B-9785-A49621D773C6}
	EndGlobalSection
EndGlobal
